
Microsoft Visual Studio Solution File, Format Version 12.00
# Visual Studio Version 17
VisualStudioVersion = 17.5.33627.172
MinimumVisualStudioVersion = 10.0.40219.1
Project("{2150E333-8FDC-42A3-9474-1A3956D46DE8}") = "Services", "Services", "{4304B36D-2E09-453C-A15B-6D07897BFBB6}"
EndProject
Project("{2150E333-8FDC-42A3-9474-1A3956D46DE8}") = "User", "User", "{3B73A7DE-7B30-4117-821C-48AC6D5946BE}"
EndProject
Project("{9A19103F-16F7-4668-BE54-9A1E7A4F7556}") = "User.API", "Services\User\User.API\User.API.csproj", "{930F4431-74E9-4BF7-82E9-54EA00E470B2}"
EndProject
Project("{E53339B2-1760-4266-BCC7-CA923CBCF16C}") = "docker-compose", "docker-compose.dcproj", "{42E2D150-1A14-432E-80B6-149E3F7059D6}"
EndProject
Project("{2150E333-8FDC-42A3-9474-1A3956D46DE8}") = "QuoteService", "QuoteService", "{85334822-F11A-4AF0-9C2A-8981968A433A}"
EndProject
Project("{FAE04EC0-301F-11D3-BF4B-00C04F79EFBC}") = "Quote.API", "Services\QuoteService\Quote.API\Quote.API.csproj", "{2634C3DF-B98D-44FD-BCD2-680EF1B4CBAD}"
EndProject
Global
	GlobalSection(SolutionConfigurationPlatforms) = preSolution
		Debug|Any CPU = Debug|Any CPU
		Release|Any CPU = Release|Any CPU
	EndGlobalSection
	GlobalSection(ProjectConfigurationPlatforms) = postSolution
		{930F4431-74E9-4BF7-82E9-54EA00E470B2}.Debug|Any CPU.ActiveCfg = Debug|Any CPU
		{930F4431-74E9-4BF7-82E9-54EA00E470B2}.Debug|Any CPU.Build.0 = Debug|Any CPU
		{930F4431-74E9-4BF7-82E9-54EA00E470B2}.Release|Any CPU.ActiveCfg = Release|Any CPU
		{930F4431-74E9-4BF7-82E9-54EA00E470B2}.Release|Any CPU.Build.0 = Release|Any CPU
		{42E2D150-1A14-432E-80B6-149E3F7059D6}.Debug|Any CPU.ActiveCfg = Debug|Any CPU
		{42E2D150-1A14-432E-80B6-149E3F7059D6}.Debug|Any CPU.Build.0 = Debug|Any CPU
		{42E2D150-1A14-432E-80B6-149E3F7059D6}.Release|Any CPU.ActiveCfg = Release|Any CPU
		{42E2D150-1A14-432E-80B6-149E3F7059D6}.Release|Any CPU.Build.0 = Release|Any CPU
		{2634C3DF-B98D-44FD-BCD2-680EF1B4CBAD}.Debug|Any CPU.ActiveCfg = Debug|Any CPU
		{2634C3DF-B98D-44FD-BCD2-680EF1B4CBAD}.Debug|Any CPU.Build.0 = Debug|Any CPU
		{2634C3DF-B98D-44FD-BCD2-680EF1B4CBAD}.Release|Any CPU.ActiveCfg = Release|Any CPU
		{2634C3DF-B98D-44FD-BCD2-680EF1B4CBAD}.Release|Any CPU.Build.0 = Release|Any CPU
	EndGlobalSection
	GlobalSection(SolutionProperties) = preSolution
		HideSolutionNode = FALSE
	EndGlobalSection
	GlobalSection(NestedProjects) = preSolution
		{3B73A7DE-7B30-4117-821C-48AC6D5946BE} = {4304B36D-2E09-453C-A15B-6D07897BFBB6}
		{930F4431-74E9-4BF7-82E9-54EA00E470B2} = {3B73A7DE-7B30-4117-821C-48AC6D5946BE}
		{85334822-F11A-4AF0-9C2A-8981968A433A} = {4304B36D-2E09-453C-A15B-6D07897BFBB6}
		{2634C3DF-B98D-44FD-BCD2-680EF1B4CBAD} = {85334822-F11A-4AF0-9C2A-8981968A433A}
	EndGlobalSection
	GlobalSection(ExtensibilityGlobals) = postSolution
		SolutionGuid = {1535EBAB-3EB4-497A-A827-E03CFCC4F206}
	EndGlobalSection
EndGlobal
